{
    "hash": "0e4df5f8d763b0d0514042f4ce9ebe32",
    "packages": [
        {
            "package": "zendframework/zendframework",
            "version": "dev-master",
            "source-reference": "fedd11dce74ca2ec20c1370915be06615e91b9d2",
            "alias-pretty-version": "2.0.x-dev",
            "alias-version": "2.0.9999999.9999999-dev"
        },
        {
            "package": "zendframework/zendframework",
            "version": "dev-master",
            "source-reference": "fedd11dce74ca2ec20c1370915be06615e91b9d2"
        }
    ],
    "packages-dev": null,
    "aliases": [

    ],
    "minimum-stability": "dev",
    "stability-flags": {
        "zendframework/zendframework": 20
    }
}
